
Microsoft Visual Studio Solution File, Format Version 12.00
# Visual Studio Version 16
VisualStudioVersion = 16.0.31515.178
MinimumVisualStudioVersion = 10.0.40219.1
Project("{FAE04EC0-301F-11D3-BF4B-00C04F79EFBC}") = "Geometri", "Geometri\Geometri.csproj", "{632D0153-3F6D-492B-958D-8E88F3A2EB09}"
EndProject
Global
	GlobalSection(SolutionConfigurationPlatforms) = preSolution
		Debug|Any CPU = Debug|Any CPU
		Release|Any CPU = Release|Any CPU
	EndGlobalSection
	GlobalSection(ProjectConfigurationPlatforms) = postSolution
		{632D0153-3F6D-492B-958D-8E88F3A2EB09}.Debug|Any CPU.ActiveCfg = Debug|Any CPU
		{632D0153-3F6D-492B-958D-8E88F3A2EB09}.Debug|Any CPU.Build.0 = Debug|Any CPU
		{632D0153-3F6D-492B-958D-8E88F3A2EB09}.Release|Any CPU.ActiveCfg = Release|Any CPU
		{632D0153-3F6D-492B-958D-8E88F3A2EB09}.Release|Any CPU.Build.0 = Release|Any CPU
	EndGlobalSection
	GlobalSection(SolutionProperties) = preSolution
		HideSolutionNode = FALSE
	EndGlobalSection
	GlobalSection(ExtensibilityGlobals) = postSolution
		SolutionGuid = {95C942AC-FD84-4044-BD0A-0CF283149D29}
	EndGlobalSection
EndGlobal
